
Microsoft Visual Studio Solution File, Format Version 12.00
# Visual Studio Version 16
VisualStudioVersion = 16.0.30204.135
MinimumVisualStudioVersion = 10.0.40219.1
Project("{FAE04EC0-301F-11D3-BF4B-00C04F79EFBC}") = "FileEncrypterW", "FileEncrypterW\FileEncrypterW.csproj", "{B697BDC1-303C-43BA-9233-0BA0DBD8FC33}"
EndProject
Global
	GlobalSection(SolutionConfigurationPlatforms) = preSolution
		Debug|Any CPU = Debug|Any CPU
		Release|Any CPU = Release|Any CPU
	EndGlobalSection
	GlobalSection(ProjectConfigurationPlatforms) = postSolution
		{B697BDC1-303C-43BA-9233-0BA0DBD8FC33}.Debug|Any CPU.ActiveCfg = Debug|Any CPU
		{B697BDC1-303C-43BA-9233-0BA0DBD8FC33}.Debug|Any CPU.Build.0 = Debug|Any CPU
		{B697BDC1-303C-43BA-9233-0BA0DBD8FC33}.Release|Any CPU.ActiveCfg = Release|Any CPU
		{B697BDC1-303C-43BA-9233-0BA0DBD8FC33}.Release|Any CPU.Build.0 = Release|Any CPU
	EndGlobalSection
	GlobalSection(SolutionProperties) = preSolution
		HideSolutionNode = FALSE
	EndGlobalSection
	GlobalSection(ExtensibilityGlobals) = postSolution
		SolutionGuid = {A4628C8C-7D3C-4492-8097-65E6742A94CD}
	EndGlobalSection
EndGlobal
